
Microsoft Visual Studio Solution File, Format Version 12.00
# Visual Studio 14
VisualStudioVersion = 14.0.24720.0
MinimumVisualStudioVersion = 10.0.40219.1
Project("{FAE04EC0-301F-11D3-BF4B-00C04F79EFBC}") = "DependencyDemo.Droid", "DependencyDemo\DependencyDemo.Droid\DependencyDemo.Droid.csproj", "{4B9BC5FF-4791-4347-9B04-DD3DA25CFB63}"
EndProject
Project("{FAE04EC0-301F-11D3-BF4B-00C04F79EFBC}") = "DependencyDemo.iOS", "DependencyDemo\DependencyDemo.iOS\DependencyDemo.iOS.csproj", "{1E6FC63D-9BE2-4F98-A0F5-1C54FB592177}"
EndProject
Project("{FAE04EC0-301F-11D3-BF4B-00C04F79EFBC}") = "DependencyDemo.WinPhone", "DependencyDemo\DependencyDemo.WinPhone\DependencyDemo.WinPhone.csproj", "{EC64A578-26D6-4993-B01F-0C9DA3674D88}"
EndProject
Project("{FAE04EC0-301F-11D3-BF4B-00C04F79EFBC}") = "DependencyDemo", "DependencyDemo\DependencyDemo\DependencyDemo.csproj", "{9920BB27-B482-47E8-91D5-CF85011A74D2}"
EndProject
Global
	GlobalSection(SolutionConfigurationPlatforms) = preSolution
		Ad-Hoc|Any CPU = Ad-Hoc|Any CPU
		Ad-Hoc|ARM = Ad-Hoc|ARM
		Ad-Hoc|iPhone = Ad-Hoc|iPhone
		Ad-Hoc|iPhoneSimulator = Ad-Hoc|iPhoneSimulator
		Ad-Hoc|x86 = Ad-Hoc|x86
		AppStore|Any CPU = AppStore|Any CPU
		AppStore|ARM = AppStore|ARM
		AppStore|iPhone = AppStore|iPhone
		AppStore|iPhoneSimulator = AppStore|iPhoneSimulator
		AppStore|x86 = AppStore|x86
		Debug|Any CPU = Debug|Any CPU
		Debug|ARM = Debug|ARM
		Debug|iPhone = Debug|iPhone
		Debug|iPhoneSimulator = Debug|iPhoneSimulator
		Debug|x86 = Debug|x86
		Release|Any CPU = Release|Any CPU
		Release|ARM = Release|ARM
		Release|iPhone = Release|iPhone
		Release|iPhoneSimulator = Release|iPhoneSimulator
		Release|x86 = Release|x86
	EndGlobalSection
	GlobalSection(ProjectConfigurationPlatforms) = postSolution
		{4B9BC5FF-4791-4347-9B04-DD3DA25CFB63}.Ad-Hoc|Any CPU.ActiveCfg = Release|Any CPU
		{4B9BC5FF-4791-4347-9B04-DD3DA25CFB63}.Ad-Hoc|Any CPU.Build.0 = Release|Any CPU
		{4B9BC5FF-4791-4347-9B04-DD3DA25CFB63}.Ad-Hoc|Any CPU.Deploy.0 = Release|Any CPU
		{4B9BC5FF-4791-4347-9B04-DD3DA25CFB63}.Ad-Hoc|ARM.ActiveCfg = Release|Any CPU
		{4B9BC5FF-4791-4347-9B04-DD3DA25CFB63}.Ad-Hoc|ARM.Build.0 = Release|Any CPU
		{4B9BC5FF-4791-4347-9B04-DD3DA25CFB63}.Ad-Hoc|ARM.Deploy.0 = Release|Any CPU
		{4B9BC5FF-4791-4347-9B04-DD3DA25CFB63}.Ad-Hoc|iPhone.ActiveCfg = Release|Any CPU
		{4B9BC5FF-4791-4347-9B04-DD3DA25CFB63}.Ad-Hoc|iPhone.Build.0 = Release|Any CPU
		{4B9BC5FF-4791-4347-9B04-DD3DA25CFB63}.Ad-Hoc|iPhone.Deploy.0 = Release|Any CPU
		{4B9BC5FF-4791-4347-9B04-DD3DA25CFB63}.Ad-Hoc|iPhoneSimulator.ActiveCfg = Release|Any CPU
		{4B9BC5FF-4791-4347-9B04-DD3DA25CFB63}.Ad-Hoc|iPhoneSimulator.Build.0 = Release|Any CPU
		{4B9BC5FF-4791-4347-9B04-DD3DA25CFB63}.Ad-Hoc|iPhoneSimulator.Deploy.0 = Release|Any CPU
		{4B9BC5FF-4791-4347-9B04-DD3DA25CFB63}.Ad-Hoc|x86.ActiveCfg = Release|Any CPU
		{4B9BC5FF-4791-4347-9B04-DD3DA25CFB63}.Ad-Hoc|x86.Build.0 = Release|Any CPU
		{4B9BC5FF-4791-4347-9B04-DD3DA25CFB63}.Ad-Hoc|x86.Deploy.0 = Release|Any CPU
		{4B9BC5FF-4791-4347-9B04-DD3DA25CFB63}.AppStore|Any CPU.ActiveCfg = Release|Any CPU
		{4B9BC5FF-4791-4347-9B04-DD3DA25CFB63}.AppStore|Any CPU.Build.0 = Release|Any CPU
		{4B9BC5FF-4791-4347-9B04-DD3DA25CFB63}.AppStore|Any CPU.Deploy.0 = Release|Any CPU
		{4B9BC5FF-4791-4347-9B04-DD3DA25CFB63}.AppStore|ARM.ActiveCfg = Release|Any CPU
		{4B9BC5FF-4791-4347-9B04-DD3DA25CFB63}.AppStore|ARM.Build.0 = Release|Any CPU
		{4B9BC5FF-4791-4347-9B04-DD3DA25CFB63}.AppStore|ARM.Deploy.0 = Release|Any CPU
		{4B9BC5FF-4791-4347-9B04-DD3DA25CFB63}.AppStore|iPhone.ActiveCfg = Release|Any CPU
		{4B9BC5FF-4791-4347-9B04-DD3DA25CFB63}.AppStore|iPhone.Build.0 = Release|Any CPU
		{4B9BC5FF-4791-4347-9B04-DD3DA25CFB63}.AppStore|iPhone.Deploy.0 = Release|Any CPU
		{4B9BC5FF-4791-4347-9B04-DD3DA25CFB63}.AppStore|iPhoneSimulator.ActiveCfg = Release|Any CPU
		{4B9BC5FF-4791-4347-9B04-DD3DA25CFB63}.AppStore|iPhoneSimulator.Build.0 = Release|Any CPU
		{4B9BC5FF-4791-4347-9B04-DD3DA25CFB63}.AppStore|iPhoneSimulator.Deploy.0 = Release|Any CPU
		{4B9BC5FF-4791-4347-9B04-DD3DA25CFB63}.AppStore|x86.ActiveCfg = Release|Any CPU
		{4B9BC5FF-4791-4347-9B04-DD3DA25CFB63}.AppStore|x86.Build.0 = Release|Any CPU
		{4B9BC5FF-4791-4347-9B04-DD3DA25CFB63}.AppStore|x86.Deploy.0 = Release|Any CPU
		{4B9BC5FF-4791-4347-9B04-DD3DA25CFB63}.Debug|Any CPU.ActiveCfg = Debug|Any CPU
		{4B9BC5FF-4791-4347-9B04-DD3DA25CFB63}.Debug|Any CPU.Build.0 = Debug|Any CPU
		{4B9BC5FF-4791-4347-9B04-DD3DA25CFB63}.Debug|Any CPU.Deploy.0 = Debug|Any CPU
		{4B9BC5FF-4791-4347-9B04-DD3DA25CFB63}.Debug|ARM.ActiveCfg = Debug|Any CPU
		{4B9BC5FF-4791-4347-9B04-DD3DA25CFB63}.Debug|ARM.Build.0 = Debug|Any CPU
		{4B9BC5FF-4791-4347-9B04-DD3DA25CFB63}.Debug|ARM.Deploy.0 = Debug|Any CPU
		{4B9BC5FF-4791-4347-9B04-DD3DA25CFB63}.Debug|iPhone.ActiveCfg = Debug|Any CPU
		{4B9BC5FF-4791-4347-9B04-DD3DA25CFB63}.Debug|iPhone.Build.0 = Debug|Any CPU
		{4B9BC5FF-4791-4347-9B04-DD3DA25CFB63}.Debug|iPhone.Deploy.0 = Debug|Any CPU
		{4B9BC5FF-4791-4347-9B04-DD3DA25CFB63}.Debug|iPhoneSimulator.ActiveCfg = Debug|Any CPU
		{4B9BC5FF-4791-4347-9B04-DD3DA25CFB63}.Debug|iPhoneSimulator.Build.0 = Debug|Any CPU
		{4B9BC5FF-4791-4347-9B04-DD3DA25CFB63}.Debug|iPhoneSimulator.Deploy.0 = Debug|Any CPU
		{4B9BC5FF-4791-4347-9B04-DD3DA25CFB63}.Debug|x86.ActiveCfg = Debug|Any CPU
		{4B9BC5FF-4791-4347-9B04-DD3DA25CFB63}.Debug|x86.Build.0 = Debug|Any CPU
		{4B9BC5FF-4791-4347-9B04-DD3DA25CFB63}.Debug|x86.Deploy.0 = Debug|Any CPU
		{4B9BC5FF-4791-4347-9B04-DD3DA25CFB63}.Release|Any CPU.ActiveCfg = Release|Any CPU
		{4B9BC5FF-4791-4347-9B04-DD3DA25CFB63}.Release|Any CPU.Build.0 = Release|Any CPU
		{4B9BC5FF-4791-4347-9B04-DD3DA25CFB63}.Release|Any CPU.Deploy.0 = Release|Any CPU
		{4B9BC5FF-4791-4347-9B04-DD3DA25CFB63}.Release|ARM.ActiveCfg = Release|Any CPU
		{4B9BC5FF-4791-4347-9B04-DD3DA25CFB63}.Release|ARM.Build.0 = Release|Any CPU
		{4B9BC5FF-4791-4347-9B04-DD3DA25CFB63}.Release|ARM.Deploy.0 = Release|Any CPU
		{4B9BC5FF-4791-4347-9B04-DD3DA25CFB63}.Release|iPhone.ActiveCfg = Release|Any CPU
		{4B9BC5FF-4791-4347-9B04-DD3DA25CFB63}.Release|iPhone.Build.0 = Release|Any CPU
		{4B9BC5FF-4791-4347-9B04-DD3DA25CFB63}.Release|iPhone.Deploy.0 = Release|Any CPU
		{4B9BC5FF-4791-4347-9B04-DD3DA25CFB63}.Release|iPhoneSimulator.ActiveCfg = Release|Any CPU
		{4B9BC5FF-4791-4347-9B04-DD3DA25CFB63}.Release|iPhoneSimulator.Build.0 = Release|Any CPU
		{4B9BC5FF-4791-4347-9B04-DD3DA25CFB63}.Release|iPhoneSimulator.Deploy.0 = Release|Any CPU
		{4B9BC5FF-4791-4347-9B04-DD3DA25CFB63}.Release|x86.ActiveCfg = Release|Any CPU
		{4B9BC5FF-4791-4347-9B04-DD3DA25CFB63}.Release|x86.Build.0 = Release|Any CPU
		{4B9BC5FF-4791-4347-9B04-DD3DA25CFB63}.Release|x86.Deploy.0 = Release|Any CPU
		{1E6FC63D-9BE2-4F98-A0F5-1C54FB592177}.Ad-Hoc|Any CPU.ActiveCfg = Ad-Hoc|iPhone
		{1E6FC63D-9BE2-4F98-A0F5-1C54FB592177}.Ad-Hoc|ARM.ActiveCfg = Ad-Hoc|iPhone
		{1E6FC63D-9BE2-4F98-A0F5-1C54FB592177}.Ad-Hoc|iPhone.ActiveCfg = Ad-Hoc|iPhone
		{1E6FC63D-9BE2-4F98-A0F5-1C54FB592177}.Ad-Hoc|iPhone.Build.0 = Ad-Hoc|iPhone
		{1E6FC63D-9BE2-4F98-A0F5-1C54FB592177}.Ad-Hoc|iPhoneSimulator.ActiveCfg = Ad-Hoc|iPhoneSimulator
		{1E6FC63D-9BE2-4F98-A0F5-1C54FB592177}.Ad-Hoc|iPhoneSimulator.Build.0 = Ad-Hoc|iPhoneSimulator
		{1E6FC63D-9BE2-4F98-A0F5-1C54FB592177}.Ad-Hoc|x86.ActiveCfg = Ad-Hoc|iPhone
		{1E6FC63D-9BE2-4F98-A0F5-1C54FB592177}.AppStore|Any CPU.ActiveCfg = AppStore|iPhone
		{1E6FC63D-9BE2-4F98-A0F5-1C54FB592177}.AppStore|ARM.ActiveCfg = AppStore|iPhone
		{1E6FC63D-9BE2-4F98-A0F5-1C54FB592177}.AppStore|iPhone.ActiveCfg = AppStore|iPhone
		{1E6FC63D-9BE2-4F98-A0F5-1C54FB592177}.AppStore|iPhone.Build.0 = AppStore|iPhone
		{1E6FC63D-9BE2-4F98-A0F5-1C54FB592177}.AppStore|iPhoneSimulator.ActiveCfg = AppStore|iPhoneSimulator
		{1E6FC63D-9BE2-4F98-A0F5-1C54FB592177}.AppStore|iPhoneSimulator.Build.0 = AppStore|iPhoneSimulator
		{1E6FC63D-9BE2-4F98-A0F5-1C54FB592177}.AppStore|x86.ActiveCfg = AppStore|iPhone
		{1E6FC63D-9BE2-4F98-A0F5-1C54FB592177}.Debug|Any CPU.ActiveCfg = Debug|iPhone
		{1E6FC63D-9BE2-4F98-A0F5-1C54FB592177}.Debug|ARM.ActiveCfg = Debug|iPhone
		{1E6FC63D-9BE2-4F98-A0F5-1C54FB592177}.Debug|iPhone.ActiveCfg = Debug|iPhone
		{1E6FC63D-9BE2-4F98-A0F5-1C54FB592177}.Debug|iPhone.Build.0 = Debug|iPhone
		{1E6FC63D-9BE2-4F98-A0F5-1C54FB592177}.Debug|iPhoneSimulator.ActiveCfg = Debug|iPhoneSimulator
		{1E6FC63D-9BE2-4F98-A0F5-1C54FB592177}.Debug|iPhoneSimulator.Build.0 = Debug|iPhoneSimulator
		{1E6FC63D-9BE2-4F98-A0F5-1C54FB592177}.Debug|x86.ActiveCfg = Debug|iPhone
		{1E6FC63D-9BE2-4F98-A0F5-1C54FB592177}.Release|Any CPU.ActiveCfg = Release|iPhone
		{1E6FC63D-9BE2-4F98-A0F5-1C54FB592177}.Release|ARM.ActiveCfg = Release|iPhone
		{1E6FC63D-9BE2-4F98-A0F5-1C54FB592177}.Release|iPhone.ActiveCfg = Release|iPhone
		{1E6FC63D-9BE2-4F98-A0F5-1C54FB592177}.Release|iPhone.Build.0 = Release|iPhone
		{1E6FC63D-9BE2-4F98-A0F5-1C54FB592177}.Release|iPhoneSimulator.ActiveCfg = Release|iPhoneSimulator
		{1E6FC63D-9BE2-4F98-A0F5-1C54FB592177}.Release|iPhoneSimulator.Build.0 = Release|iPhoneSimulator
		{1E6FC63D-9BE2-4F98-A0F5-1C54FB592177}.Release|x86.ActiveCfg = Release|iPhone
		{EC64A578-26D6-4993-B01F-0C9DA3674D88}.Ad-Hoc|Any CPU.ActiveCfg = Release|Any CPU
		{EC64A578-26D6-4993-B01F-0C9DA3674D88}.Ad-Hoc|Any CPU.Build.0 = Release|Any CPU
		{EC64A578-26D6-4993-B01F-0C9DA3674D88}.Ad-Hoc|Any CPU.Deploy.0 = Release|Any CPU
		{EC64A578-26D6-4993-B01F-0C9DA3674D88}.Ad-Hoc|ARM.ActiveCfg = Release|ARM
		{EC64A578-26D6-4993-B01F-0C9DA3674D88}.Ad-Hoc|ARM.Build.0 = Release|ARM
		{EC64A578-26D6-4993-B01F-0C9DA3674D88}.Ad-Hoc|ARM.Deploy.0 = Release|ARM
		{EC64A578-26D6-4993-B01F-0C9DA3674D88}.Ad-Hoc|iPhone.ActiveCfg = Release|Any CPU
		{EC64A578-26D6-4993-B01F-0C9DA3674D88}.Ad-Hoc|iPhone.Build.0 = Release|Any CPU
		{EC64A578-26D6-4993-B01F-0C9DA3674D88}.Ad-Hoc|iPhone.Deploy.0 = Release|Any CPU
		{EC64A578-26D6-4993-B01F-0C9DA3674D88}.Ad-Hoc|iPhoneSimulator.ActiveCfg = Release|Any CPU
		{EC64A578-26D6-4993-B01F-0C9DA3674D88}.Ad-Hoc|iPhoneSimulator.Build.0 = Release|Any CPU
		{EC64A578-26D6-4993-B01F-0C9DA3674D88}.Ad-Hoc|iPhoneSimulator.Deploy.0 = Release|Any CPU
		{EC64A578-26D6-4993-B01F-0C9DA3674D88}.Ad-Hoc|x86.ActiveCfg = Release|x86
		{EC64A578-26D6-4993-B01F-0C9DA3674D88}.Ad-Hoc|x86.Build.0 = Release|x86
		{EC64A578-26D6-4993-B01F-0C9DA3674D88}.Ad-Hoc|x86.Deploy.0 = Release|x86
		{EC64A578-26D6-4993-B01F-0C9DA3674D88}.AppStore|Any CPU.ActiveCfg = Release|Any CPU
		{EC64A578-26D6-4993-B01F-0C9DA3674D88}.AppStore|Any CPU.Build.0 = Release|Any CPU
		{EC64A578-26D6-4993-B01F-0C9DA3674D88}.AppStore|Any CPU.Deploy.0 = Release|Any CPU
		{EC64A578-26D6-4993-B01F-0C9DA3674D88}.AppStore|ARM.ActiveCfg = Release|ARM
		{EC64A578-26D6-4993-B01F-0C9DA3674D88}.AppStore|ARM.Build.0 = Release|ARM
		{EC64A578-26D6-4993-B01F-0C9DA3674D88}.AppStore|ARM.Deploy.0 = Release|ARM
		{EC64A578-26D6-4993-B01F-0C9DA3674D88}.AppStore|iPhone.ActiveCfg = Release|Any CPU
		{EC64A578-26D6-4993-B01F-0C9DA3674D88}.AppStore|iPhone.Build.0 = Release|Any CPU
		{EC64A578-26D6-4993-B01F-0C9DA3674D88}.AppStore|iPhone.Deploy.0 = Release|Any CPU
		{EC64A578-26D6-4993-B01F-0C9DA3674D88}.AppStore|iPhoneSimulator.ActiveCfg = Release|Any CPU
		{EC64A578-26D6-4993-B01F-0C9DA3674D88}.AppStore|iPhoneSimulator.Build.0 = Release|Any CPU
		{EC64A578-26D6-4993-B01F-0C9DA3674D88}.AppStore|iPhoneSimulator.Deploy.0 = Release|Any CPU
		{EC64A578-26D6-4993-B01F-0C9DA3674D88}.AppStore|x86.ActiveCfg = Release|x86
		{EC64A578-26D6-4993-B01F-0C9DA3674D88}.AppStore|x86.Build.0 = Release|x86
		{EC64A578-26D6-4993-B01F-0C9DA3674D88}.AppStore|x86.Deploy.0 = Release|x86
		{EC64A578-26D6-4993-B01F-0C9DA3674D88}.Debug|Any CPU.ActiveCfg = Debug|Any CPU
		{EC64A578-26D6-4993-B01F-0C9DA3674D88}.Debug|Any CPU.Build.0 = Debug|Any CPU
		{EC64A578-26D6-4993-B01F-0C9DA3674D88}.Debug|Any CPU.Deploy.0 = Debug|Any CPU
		{EC64A578-26D6-4993-B01F-0C9DA3674D88}.Debug|ARM.ActiveCfg = Debug|ARM
		{EC64A578-26D6-4993-B01F-0C9DA3674D88}.Debug|ARM.Build.0 = Debug|ARM
		{EC64A578-26D6-4993-B01F-0C9DA3674D88}.Debug|ARM.Deploy.0 = Debug|ARM
		{EC64A578-26D6-4993-B01F-0C9DA3674D88}.Debug|iPhone.ActiveCfg = Debug|Any CPU
		{EC64A578-26D6-4993-B01F-0C9DA3674D88}.Debug|iPhone.Build.0 = Debug|Any CPU
		{EC64A578-26D6-4993-B01F-0C9DA3674D88}.Debug|iPhone.Deploy.0 = Debug|Any CPU
		{EC64A578-26D6-4993-B01F-0C9DA3674D88}.Debug|iPhoneSimulator.ActiveCfg = Debug|Any CPU
		{EC64A578-26D6-4993-B01F-0C9DA3674D88}.Debug|iPhoneSimulator.Build.0 = Debug|Any CPU
		{EC64A578-26D6-4993-B01F-0C9DA3674D88}.Debug|iPhoneSimulator.Deploy.0 = Debug|Any CPU
		{EC64A578-26D6-4993-B01F-0C9DA3674D88}.Debug|x86.ActiveCfg = Debug|x86
		{EC64A578-26D6-4993-B01F-0C9DA3674D88}.Debug|x86.Build.0 = Debug|x86
		{EC64A578-26D6-4993-B01F-0C9DA3674D88}.Debug|x86.Deploy.0 = Debug|x86
		{EC64A578-26D6-4993-B01F-0C9DA3674D88}.Release|Any CPU.ActiveCfg = Release|Any CPU
		{EC64A578-26D6-4993-B01F-0C9DA3674D88}.Release|Any CPU.Build.0 = Release|Any CPU
		{EC64A578-26D6-4993-B01F-0C9DA3674D88}.Release|Any CPU.Deploy.0 = Release|Any CPU
		{EC64A578-26D6-4993-B01F-0C9DA3674D88}.Release|ARM.ActiveCfg = Release|ARM
		{EC64A578-26D6-4993-B01F-0C9DA3674D88}.Release|ARM.Build.0 = Release|ARM
		{EC64A578-26D6-4993-B01F-0C9DA3674D88}.Release|ARM.Deploy.0 = Release|ARM
		{EC64A578-26D6-4993-B01F-0C9DA3674D88}.Release|iPhone.ActiveCfg = Release|Any CPU
		{EC64A578-26D6-4993-B01F-0C9DA3674D88}.Release|iPhone.Build.0 = Release|Any CPU
		{EC64A578-26D6-4993-B01F-0C9DA3674D88}.Release|iPhone.Deploy.0 = Release|Any CPU
		{EC64A578-26D6-4993-B01F-0C9DA3674D88}.Release|iPhoneSimulator.ActiveCfg = Release|Any CPU
		{EC64A578-26D6-4993-B01F-0C9DA3674D88}.Release|iPhoneSimulator.Build.0 = Release|Any CPU
		{EC64A578-26D6-4993-B01F-0C9DA3674D88}.Release|iPhoneSimulator.Deploy.0 = Release|Any CPU
		{EC64A578-26D6-4993-B01F-0C9DA3674D88}.Release|x86.ActiveCfg = Release|x86
		{EC64A578-26D6-4993-B01F-0C9DA3674D88}.Release|x86.Build.0 = Release|x86
		{EC64A578-26D6-4993-B01F-0C9DA3674D88}.Release|x86.Deploy.0 = Release|x86
		{9920BB27-B482-47E8-91D5-CF85011A74D2}.Ad-Hoc|Any CPU.ActiveCfg = Release|Any CPU
		{9920BB27-B482-47E8-91D5-CF85011A74D2}.Ad-Hoc|Any CPU.Build.0 = Release|Any CPU
		{9920BB27-B482-47E8-91D5-CF85011A74D2}.Ad-Hoc|ARM.ActiveCfg = Release|Any CPU
		{9920BB27-B482-47E8-91D5-CF85011A74D2}.Ad-Hoc|ARM.Build.0 = Release|Any CPU
		{9920BB27-B482-47E8-91D5-CF85011A74D2}.Ad-Hoc|iPhone.ActiveCfg = Release|Any CPU
		{9920BB27-B482-47E8-91D5-CF85011A74D2}.Ad-Hoc|iPhone.Build.0 = Release|Any CPU
		{9920BB27-B482-47E8-91D5-CF85011A74D2}.Ad-Hoc|iPhoneSimulator.ActiveCfg = Release|Any CPU
		{9920BB27-B482-47E8-91D5-CF85011A74D2}.Ad-Hoc|iPhoneSimulator.Build.0 = Release|Any CPU
		{9920BB27-B482-47E8-91D5-CF85011A74D2}.Ad-Hoc|x86.ActiveCfg = Release|Any CPU
		{9920BB27-B482-47E8-91D5-CF85011A74D2}.Ad-Hoc|x86.Build.0 = Release|Any CPU
		{9920BB27-B482-47E8-91D5-CF85011A74D2}.AppStore|Any CPU.ActiveCfg = Release|Any CPU
		{9920BB27-B482-47E8-91D5-CF85011A74D2}.AppStore|Any CPU.Build.0 = Release|Any CPU
		{9920BB27-B482-47E8-91D5-CF85011A74D2}.AppStore|ARM.ActiveCfg = Release|Any CPU
		{9920BB27-B482-47E8-91D5-CF85011A74D2}.AppStore|ARM.Build.0 = Release|Any CPU
		{9920BB27-B482-47E8-91D5-CF85011A74D2}.AppStore|iPhone.ActiveCfg = Release|Any CPU
		{9920BB27-B482-47E8-91D5-CF85011A74D2}.AppStore|iPhone.Build.0 = Release|Any CPU
		{9920BB27-B482-47E8-91D5-CF85011A74D2}.AppStore|iPhoneSimulator.ActiveCfg = Release|Any CPU
		{9920BB27-B482-47E8-91D5-CF85011A74D2}.AppStore|iPhoneSimulator.Build.0 = Release|Any CPU
		{9920BB27-B482-47E8-91D5-CF85011A74D2}.AppStore|x86.ActiveCfg = Release|Any CPU
		{9920BB27-B482-47E8-91D5-CF85011A74D2}.AppStore|x86.Build.0 = Release|Any CPU
		{9920BB27-B482-47E8-91D5-CF85011A74D2}.Debug|Any CPU.ActiveCfg = Debug|Any CPU
		{9920BB27-B482-47E8-91D5-CF85011A74D2}.Debug|Any CPU.Build.0 = Debug|Any CPU
		{9920BB27-B482-47E8-91D5-CF85011A74D2}.Debug|ARM.ActiveCfg = Debug|Any CPU
		{9920BB27-B482-47E8-91D5-CF85011A74D2}.Debug|ARM.Build.0 = Debug|Any CPU
		{9920BB27-B482-47E8-91D5-CF85011A74D2}.Debug|iPhone.ActiveCfg = Debug|Any CPU
		{9920BB27-B482-47E8-91D5-CF85011A74D2}.Debug|iPhone.Build.0 = Debug|Any CPU
		{9920BB27-B482-47E8-91D5-CF85011A74D2}.Debug|iPhoneSimulator.ActiveCfg = Debug|Any CPU
		{9920BB27-B482-47E8-91D5-CF85011A74D2}.Debug|iPhoneSimulator.Build.0 = Debug|Any CPU
		{9920BB27-B482-47E8-91D5-CF85011A74D2}.Debug|x86.ActiveCfg = Debug|Any CPU
		{9920BB27-B482-47E8-91D5-CF85011A74D2}.Debug|x86.Build.0 = Debug|Any CPU
		{9920BB27-B482-47E8-91D5-CF85011A74D2}.Release|Any CPU.ActiveCfg = Release|Any CPU
		{9920BB27-B482-47E8-91D5-CF85011A74D2}.Release|Any CPU.Build.0 = Release|Any CPU
		{9920BB27-B482-47E8-91D5-CF85011A74D2}.Release|ARM.ActiveCfg = Release|Any CPU
		{9920BB27-B482-47E8-91D5-CF85011A74D2}.Release|ARM.Build.0 = Release|Any CPU
		{9920BB27-B482-47E8-91D5-CF85011A74D2}.Release|iPhone.ActiveCfg = Release|Any CPU
		{9920BB27-B482-47E8-91D5-CF85011A74D2}.Release|iPhone.Build.0 = Release|Any CPU
		{9920BB27-B482-47E8-91D5-CF85011A74D2}.Release|iPhoneSimulator.ActiveCfg = Release|Any CPU
		{9920BB27-B482-47E8-91D5-CF85011A74D2}.Release|iPhoneSimulator.Build.0 = Release|Any CPU
		{9920BB27-B482-47E8-91D5-CF85011A74D2}.Release|x86.ActiveCfg = Release|Any CPU
		{9920BB27-B482-47E8-91D5-CF85011A74D2}.Release|x86.Build.0 = Release|Any CPU
	EndGlobalSection
	GlobalSection(SolutionProperties) = preSolution
		HideSolutionNode = FALSE
	EndGlobalSection
EndGlobal
